// !$*UTF8*$!
{
	archiveVersion = 1;
	classes = {
	};
	objectVersion = 50;
	objects = {

/* Begin PBXBuildFile section */
		0445575F20BF965C00B47D22 /* install in CopyFiles */ = {isa = PBXBuildFile; fileRef = 0445575E20BF95B800B47D22 /* install */; };
		04F98A3520C287B10077657F /* CompilerHelper.m in Sources */ = {isa = PBXBuildFile; fileRef = 04F98A3420C287B10077657F /* CompilerHelper.m */; };
		04F98A3820C287C10077657F /* AutoConfig.m in Sources */ = {isa = PBXBuildFile; fileRef = 04F98A3720C287C10077657F /* AutoConfig.m */; };
		04F98A3A20C288360077657F /* Utils.m in Sources */ = {isa = PBXBuildFile; fileRef = 04F98A3920C288360077657F /* Utils.m */; };
		04F98A3E20C289830077657F /* FileHelper.m in Sources */ = {isa = PBXBuildFile; fileRef = 04F98A3D20C289830077657F /* FileHelper.m */; };
		F2693FAC20BA925A00E4D79B /* main.m in Sources */ = {isa = PBXBuildFile; fileRef = F2693FAB20BA925A00E4D79B /* main.m */; };
/* End PBXBuildFile section */

/* Begin PBXCopyFilesBuildPhase section */
		F2693FA620BA925A00E4D79B /* CopyFiles */ = {
			isa = PBXCopyFilesBuildPhase;
			buildActionMask = 12;
			dstPath = "";
			dstSubfolderSpec = 16;
			files = (
				0445575F20BF965C00B47D22 /* install in CopyFiles */,
			);
			runOnlyForDeploymentPostprocessing = 0;
		};
/* End PBXCopyFilesBuildPhase section */

/* Begin PBXFileReference section */
		0445575E20BF95B800B47D22 /* install */ = {isa = PBXFileReference; fileEncoding = 4; lastKnownFileType = text.script.sh; path = install; sourceTree = "<group>"; };
		04F98A2D20C267140077657F /* fux.pkg */ = {isa = PBXFileReference; lastKnownFileType = file; path = fux.pkg; sourceTree = "<group>"; };
		04F98A2F20C267150077657F /* fux.pkgproj */ = {isa = PBXFileReference; lastKnownFileType = text.xml; path = fux.pkgproj; sourceTree = "<group>"; };
		04F98A3020C267150077657F /* license-en.txt */ = {isa = PBXFileReference; lastKnownFileType = text; path = "license-en.txt"; sourceTree = "<group>"; };
		04F98A3120C267150077657F /* license-vi.txt */ = {isa = PBXFileReference; lastKnownFileType = text; path = "license-vi.txt"; sourceTree = "<group>"; };
		04F98A3220C267150077657F /* version.txt */ = {isa = PBXFileReference; lastKnownFileType = text; path = version.txt; sourceTree = "<group>"; };
		04F98A3320C287B10077657F /* CompilerHelper.h */ = {isa = PBXFileReference; lastKnownFileType = sourcecode.c.h; path = CompilerHelper.h; sourceTree = "<group>"; };
		04F98A3420C287B10077657F /* CompilerHelper.m */ = {isa = PBXFileReference; lastKnownFileType = sourcecode.c.objc; path = CompilerHelper.m; sourceTree = "<group>"; };
		04F98A3620C287C10077657F /* AutoConfig.h */ = {isa = PBXFileReference; lastKnownFileType = sourcecode.c.h; path = AutoConfig.h; sourceTree = "<group>"; };
		04F98A3720C287C10077657F /* AutoConfig.m */ = {isa = PBXFileReference; lastKnownFileType = sourcecode.c.objc; path = AutoConfig.m; sourceTree = "<group>"; };
		04F98A3920C288360077657F /* Utils.m */ = {isa = PBXFileReference; lastKnownFileType = sourcecode.c.objc; path = Utils.m; sourceTree = "<group>"; };
		04F98A3B20C2883F0077657F /* Utils.h */ = {isa = PBXFileReference; lastKnownFileType = sourcecode.c.h; path = Utils.h; sourceTree = "<group>"; };
		04F98A3C20C2897C0077657F /* FileHelper.h */ = {isa = PBXFileReference; lastKnownFileType = sourcecode.c.h; path = FileHelper.h; sourceTree = "<group>"; };
		04F98A3D20C289830077657F /* FileHelper.m */ = {isa = PBXFileReference; lastKnownFileType = sourcecode.c.objc; path = FileHelper.m; sourceTree = "<group>"; };
		F2325DA620BBC1C000A55149 /* Config.h */ = {isa = PBXFileReference; lastKnownFileType = sourcecode.c.h; path = Config.h; sourceTree = "<group>"; };
		F2693FA820BA925A00E4D79B /* fbuild */ = {isa = PBXFileReference; explicitFileType = "compiled.mach-o.executable"; includeInIndex = 0; path = fbuild; sourceTree = BUILT_PRODUCTS_DIR; };
		F2693FAB20BA925A00E4D79B /* main.m */ = {isa = PBXFileReference; lastKnownFileType = sourcecode.c.objc; path = main.m; sourceTree = "<group>"; };
/* End PBXFileReference section */

/* Begin PBXFrameworksBuildPhase section */
		F2693FA520BA925A00E4D79B /* Frameworks */ = {
			isa = PBXFrameworksBuildPhase;
			buildActionMask = 2147483647;
			files = (
			);
			runOnlyForDeploymentPostprocessing = 0;
		};
/* End PBXFrameworksBuildPhase section */

/* Begin PBXGroup section */
		04F98A2B20C267140077657F /* installer */ = {
			isa = PBXGroup;
			children = (
				0445575E20BF95B800B47D22 /* install */,
				04F98A2C20C267140077657F /* build */,
				04F98A2F20C267150077657F /* fux.pkgproj */,
				04F98A3020C267150077657F /* license-en.txt */,
				04F98A3120C267150077657F /* license-vi.txt */,
				04F98A3220C267150077657F /* version.txt */,
			);
			path = installer;
			sourceTree = SOURCE_ROOT;
		};
		04F98A2C20C267140077657F /* build */ = {
			isa = PBXGroup;
			children = (
				04F98A2D20C267140077657F /* fux.pkg */,
			);
			path = build;
			sourceTree = "<group>";
		};
		04F98A3F20C28B220077657F /* src */ = {
			isa = PBXGroup;
			children = (
				F2693FAB20BA925A00E4D79B /* main.m */,
				F2325DA620BBC1C000A55149 /* Config.h */,
				04F98A3320C287B10077657F /* CompilerHelper.h */,
				04F98A3420C287B10077657F /* CompilerHelper.m */,
				04F98A3620C287C10077657F /* AutoConfig.h */,
				04F98A3720C287C10077657F /* AutoConfig.m */,
				04F98A3920C288360077657F /* Utils.m */,
				04F98A3B20C2883F0077657F /* Utils.h */,
				04F98A3C20C2897C0077657F /* FileHelper.h */,
				04F98A3D20C289830077657F /* FileHelper.m */,
			);
			path = src;
			sourceTree = "<group>";
		};
		F2693F9F20BA925A00E4D79B = {
			isa = PBXGroup;
			children = (
				F2693FAA20BA925A00E4D79B /* fbuild */,
				F2693FA920BA925A00E4D79B /* Products */,
			);
			sourceTree = "<group>";
		};
		F2693FA920BA925A00E4D79B /* Products */ = {
			isa = PBXGroup;
			children = (
				F2693FA820BA925A00E4D79B /* fbuild */,
			);
			name = Products;
			sourceTree = "<group>";
		};
		F2693FAA20BA925A00E4D79B /* fbuild */ = {
			isa = PBXGroup;
			children = (
				04F98A3F20C28B220077657F /* src */,
				04F98A2B20C267140077657F /* installer */,
			);
			path = fbuild;
			sourceTree = "<group>";
		};
/* End PBXGroup section */

/* Begin PBXNativeTarget section */
		F2693FA720BA925A00E4D79B /* fbuild */ = {
			isa = PBXNativeTarget;
			buildConfigurationList = F2693FAF20BA925A00E4D79B /* Build configuration list for PBXNativeTarget "fbuild" */;
			buildPhases = (
				F2693FA420BA925A00E4D79B /* Sources */,
				F2693FA520BA925A00E4D79B /* Frameworks */,
				F2693FA620BA925A00E4D79B /* CopyFiles */,
				F2E8C6B320BB8EAE00185668 /* Copy file */,
			);
			buildRules = (
			);
			dependencies = (
			);
			name = fbuild;
			productName = FastBuildSimple;
			productReference = F2693FA820BA925A00E4D79B /* fbuild */;
			productType = "com.apple.product-type.tool";
		};
/* End PBXNativeTarget section */

/* Begin PBXProject section */
		F2693FA020BA925A00E4D79B /* Project object */ = {
			isa = PBXProject;
			attributes = {
				LastUpgradeCheck = 0930;
				ORGANIZATIONNAME = fsociety;
				TargetAttributes = {
					F2693FA720BA925A00E4D79B = {
						CreatedOnToolsVersion = 9.3;
					};
				};
			};
			buildConfigurationList = F2693FA320BA925A00E4D79B /* Build configuration list for PBXProject "fbuild" */;
			compatibilityVersion = "Xcode 9.3";
			developmentRegion = en;
			hasScannedForEncodings = 0;
			knownRegions = (
				en,
			);
			mainGroup = F2693F9F20BA925A00E4D79B;
			productRefGroup = F2693FA920BA925A00E4D79B /* Products */;
			projectDirPath = "";
			projectRoot = "";
			targets = (
				F2693FA720BA925A00E4D79B /* fbuild */,
			);
		};
/* End PBXProject section */

/* Begin PBXShellScriptBuildPhase section */
		F2E8C6B320BB8EAE00185668 /* Copy file */ = {
			isa = PBXShellScriptBuildPhase;
			buildActionMask = 2147483647;
			files = (
			);
			inputPaths = (
			);
			name = "Copy file";
			outputPaths = (
			);
			runOnlyForDeploymentPostprocessing = 0;
			shellPath = /bin/sh;
			shellScript = "mkdir -p ${TARGET_BUILD_DIR}/bin/\ncp ${TARGET_BUILD_DIR}/fbuild ${TARGET_BUILD_DIR}/bin/fux\ncp ${TARGET_BUILD_DIR}/fbuild ${SRCROOT}/installer/fux\n#pkgbuild --install-location /usr/local/bin --root ${TARGET_BUILD_DIR}/bin --identifier com.thanhdev.fux --version 1.0 ${TARGET_BUILD_DIR}/fux.pkg";
		};
/* End PBXShellScriptBuildPhase section */

/* Begin PBXSourcesBuildPhase section */
		F2693FA420BA925A00E4D79B /* Sources */ = {
			isa = PBXSourcesBuildPhase;
			buildActionMask = 2147483647;
			files = (
				04F98A3E20C289830077657F /* FileHelper.m in Sources */,
				04F98A3520C287B10077657F /* CompilerHelper.m in Sources */,
				04F98A3820C287C10077657F /* AutoConfig.m in Sources */,
				F2693FAC20BA925A00E4D79B /* main.m in Sources */,
				04F98A3A20C288360077657F /* Utils.m in Sources */,
			);
			runOnlyForDeploymentPostprocessing = 0;
		};
/* End PBXSourcesBuildPhase section */

/* Begin XCBuildConfiguration section */
		F2693FAD20BA925A00E4D79B /* Debug */ = {
			isa = XCBuildConfiguration;
			buildSettings = {
				ALWAYS_SEARCH_USER_PATHS = NO;
				CLANG_ANALYZER_NONNULL = YES;
				CLANG_ANALYZER_NUMBER_OBJECT_CONVERSION = YES_AGGRESSIVE;
				CLANG_CXX_LANGUAGE_STANDARD = "gnu++14";
				CLANG_CXX_LIBRARY = "libc++";
				CLANG_ENABLE_MODULES = YES;
				CLANG_ENABLE_OBJC_ARC = YES;
				CLANG_ENABLE_OBJC_WEAK = YES;
				CLANG_WARN_BLOCK_CAPTURE_AUTORELEASING = YES;
				CLANG_WARN_BOOL_CONVERSION = YES;
				CLANG_WARN_COMMA = YES;
				CLANG_WARN_CONSTANT_CONVERSION = YES;
				CLANG_WARN_DEPRECATED_OBJC_IMPLEMENTATIONS = YES;
				CLANG_WARN_DIRECT_OBJC_ISA_USAGE = YES_ERROR;
				CLANG_WARN_DOCUMENTATION_COMMENTS = YES;
				CLANG_WARN_EMPTY_BODY = YES;
				CLANG_WARN_ENUM_CONVERSION = YES;
				CLANG_WARN_INFINITE_RECURSION = YES;
				CLANG_WARN_INT_CONVERSION = YES;
				CLANG_WARN_NON_LITERAL_NULL_CONVERSION = YES;
				CLANG_WARN_OBJC_IMPLICIT_RETAIN_SELF = YES;
				CLANG_WARN_OBJC_LITERAL_CONVERSION = YES;
				CLANG_WARN_OBJC_ROOT_CLASS = YES_ERROR;
				CLANG_WARN_RANGE_LOOP_ANALYSIS = YES;
				CLANG_WARN_STRICT_PROTOTYPES = YES;
				CLANG_WARN_SUSPICIOUS_MOVE = YES;
				CLANG_WARN_UNGUARDED_AVAILABILITY = YES_AGGRESSIVE;
				CLANG_WARN_UNREACHABLE_CODE = YES;
				CLANG_WARN__DUPLICATE_METHOD_MATCH = YES;
				CODE_SIGN_IDENTITY = "-";
				COPY_PHASE_STRIP = NO;
				DEBUG_INFORMATION_FORMAT = dwarf;
				ENABLE_STRICT_OBJC_MSGSEND = YES;
				ENABLE_TESTABILITY = YES;
				GCC_C_LANGUAGE_STANDARD = gnu11;
				GCC_DYNAMIC_NO_PIC = NO;
				GCC_NO_COMMON_BLOCKS = YES;
				GCC_OPTIMIZATION_LEVEL = 0;
				GCC_PREPROCESSOR_DEFINITIONS = (
					"DEBUG=1",
					"$(inherited)",
				);
				GCC_WARN_64_TO_32_BIT_CONVERSION = YES;
				GCC_WARN_ABOUT_RETURN_TYPE = YES_ERROR;
				GCC_WARN_UNDECLARED_SELECTOR = YES;
				GCC_WARN_UNINITIALIZED_AUTOS = YES_AGGRESSIVE;
				GCC_WARN_UNUSED_FUNCTION = YES;
				GCC_WARN_UNUSED_VARIABLE = YES;
				MACOSX_DEPLOYMENT_TARGET = 10.13;
				MTL_ENABLE_DEBUG_INFO = YES;
				ONLY_ACTIVE_ARCH = YES;
				SDKROOT = macosx;
			};
			name = Debug;
		};
		F2693FAE20BA925A00E4D79B /* Release */ = {
			isa = XCBuildConfiguration;
			buildSettings = {
				ALWAYS_SEARCH_USER_PATHS = NO;
				CLANG_ANALYZER_NONNULL = YES;
				CLANG_ANALYZER_NUMBER_OBJECT_CONVERSION = YES_AGGRESSIVE;
				CLANG_CXX_LANGUAGE_STANDARD = "gnu++14";
				CLANG_CXX_LIBRARY = "libc++";
				CLANG_ENABLE_MODULES = YES;
				CLANG_ENABLE_OBJC_ARC = YES;
				CLANG_ENABLE_OBJC_WEAK = YES;
				CLANG_WARN_BLOCK_CAPTURE_AUTORELEASING = YES;
				CLANG_WARN_BOOL_CONVERSION = YES;
				CLANG_WARN_COMMA = YES;
				CLANG_WARN_CONSTANT_CONVERSION = YES;
				CLANG_WARN_DEPRECATED_OBJC_IMPLEMENTATIONS = YES;
				CLANG_WARN_DIRECT_OBJC_ISA_USAGE = YES_ERROR;
				CLANG_WARN_DOCUMENTATION_COMMENTS = YES;
				CLANG_WARN_EMPTY_BODY = YES;
				CLANG_WARN_ENUM_CONVERSION = YES;
				CLANG_WARN_INFINITE_RECURSION = YES;
				CLANG_WARN_INT_CONVERSION = YES;
				CLANG_WARN_NON_LITERAL_NULL_CONVERSION = YES;
				CLANG_WARN_OBJC_IMPLICIT_RETAIN_SELF = YES;
				CLANG_WARN_OBJC_LITERAL_CONVERSION = YES;
				CLANG_WARN_OBJC_ROOT_CLASS = YES_ERROR;
				CLANG_WARN_RANGE_LOOP_ANALYSIS = YES;
				CLANG_WARN_STRICT_PROTOTYPES = YES;
				CLANG_WARN_SUSPICIOUS_MOVE = YES;
				CLANG_WARN_UNGUARDED_AVAILABILITY = YES_AGGRESSIVE;
				CLANG_WARN_UNREACHABLE_CODE = YES;
				CLANG_WARN__DUPLICATE_METHOD_MATCH = YES;
				CODE_SIGN_IDENTITY = "-";
				COPY_PHASE_STRIP = NO;
				DEBUG_INFORMATION_FORMAT = "dwarf-with-dsym";
				ENABLE_NS_ASSERTIONS = NO;
				ENABLE_STRICT_OBJC_MSGSEND = YES;
				GCC_C_LANGUAGE_STANDARD = gnu11;
				GCC_NO_COMMON_BLOCKS = YES;
				GCC_WARN_64_TO_32_BIT_CONVERSION = YES;
				GCC_WARN_ABOUT_RETURN_TYPE = YES_ERROR;
				GCC_WARN_UNDECLARED_SELECTOR = YES;
				GCC_WARN_UNINITIALIZED_AUTOS = YES_AGGRESSIVE;
				GCC_WARN_UNUSED_FUNCTION = YES;
				GCC_WARN_UNUSED_VARIABLE = YES;
				MACOSX_DEPLOYMENT_TARGET = 10.13;
				MTL_ENABLE_DEBUG_INFO = NO;
				SDKROOT = macosx;
			};
			name = Release;
		};
		F2693FB020BA925A00E4D79B /* Debug */ = {
			isa = XCBuildConfiguration;
			buildSettings = {
				CODE_SIGN_STYLE = Automatic;
				PRODUCT_NAME = "$(TARGET_NAME)";
			};
			name = Debug;
		};
		F2693FB120BA925A00E4D79B /* Release */ = {
			isa = XCBuildConfiguration;
			buildSettings = {
				CODE_SIGN_STYLE = Automatic;
				PRODUCT_NAME = "$(TARGET_NAME)";
			};
			name = Release;
		};
/* End XCBuildConfiguration section */

/* Begin XCConfigurationList section */
		F2693FA320BA925A00E4D79B /* Build configuration list for PBXProject "fbuild" */ = {
			isa = XCConfigurationList;
			buildConfigurations = (
				F2693FAD20BA925A00E4D79B /* Debug */,
				F2693FAE20BA925A00E4D79B /* Release */,
			);
			defaultConfigurationIsVisible = 0;
			defaultConfigurationName = Release;
		};
		F2693FAF20BA925A00E4D79B /* Build configuration list for PBXNativeTarget "fbuild" */ = {
			isa = XCConfigurationList;
			buildConfigurations = (
				F2693FB020BA925A00E4D79B /* Debug */,
				F2693FB120BA925A00E4D79B /* Release */,
			);
			defaultConfigurationIsVisible = 0;
			defaultConfigurationName = Release;
		};
/* End XCConfigurationList section */
	};
	rootObject = F2693FA020BA925A00E4D79B /* Project object */;
}
